// !$*UTF8*$!
{
	archiveVersion = 1;
	classes = {
	};
	objectVersion = 55;
	objects = {

/* Begin PBXBuildFile section */
		08DF3236A72F67D506B70649 /* Pods_share.framework in Frameworks */ = {isa = PBXBuildFile; fileRef = 626A267352B74B2C0426AAD0 /* Pods_share.framework */; };
		260B948BA087541FA1229D46 /* Pods_ios_share.framework in Frameworks */ = {isa = PBXBuildFile; fileRef = D8B68DCEA77B9C67FC1FA0B2 /* Pods_ios_share.framework */; };
		990E283B272FB053004EE6B4 /* GoogleService-Info.plist in Resources */ = {isa = PBXBuildFile; fileRef = 990E283A272FB053004EE6B4 /* GoogleService-Info.plist */; };
		99C4892E27294B860021D442 /* ios_shareApp.swift in Sources */ = {isa = PBXBuildFile; fileRef = 99C4892D27294B860021D442 /* ios_shareApp.swift */; };
		99C4893027294B860021D442 /* ContentView.swift in Sources */ = {isa = PBXBuildFile; fileRef = 99C4892F27294B860021D442 /* ContentView.swift */; };
		99C4893227294B8C0021D442 /* Assets.xcassets in Resources */ = {isa = PBXBuildFile; fileRef = 99C4893127294B8C0021D442 /* Assets.xcassets */; };
		99C4893527294B8C0021D442 /* Preview Assets.xcassets in Resources */ = {isa = PBXBuildFile; fileRef = 99C4893427294B8C0021D442 /* Preview Assets.xcassets */; };
		99C4893F27294B8D0021D442 /* ios_shareTests.swift in Sources */ = {isa = PBXBuildFile; fileRef = 99C4893E27294B8D0021D442 /* ios_shareTests.swift */; };
		99C4894927294B8D0021D442 /* ios_shareUITests.swift in Sources */ = {isa = PBXBuildFile; fileRef = 99C4894827294B8D0021D442 /* ios_shareUITests.swift */; };
		99C4894B27294B8D0021D442 /* ios_shareUITestsLaunchTests.swift in Sources */ = {isa = PBXBuildFile; fileRef = 99C4894A27294B8D0021D442 /* ios_shareUITestsLaunchTests.swift */; };
		99C4895E272951890021D442 /* ShareViewController.swift in Sources */ = {isa = PBXBuildFile; fileRef = 99C4895D272951890021D442 /* ShareViewController.swift */; };
		99C48961272951890021D442 /* MainInterface.storyboard in Resources */ = {isa = PBXBuildFile; fileRef = 99C4895F272951890021D442 /* MainInterface.storyboard */; };
		99C48965272951890021D442 /* share.appex in Embed App Extensions */ = {isa = PBXBuildFile; fileRef = 99C4895B272951890021D442 /* share.appex */; settings = {ATTRIBUTES = (RemoveHeadersOnCopy, ); }; };
		B548A25C4ADC2BD06562AA0D /* Pods_ios_shareTests.framework in Frameworks */ = {isa = PBXBuildFile; fileRef = 854D3D101F5A9893D6718416 /* Pods_ios_shareTests.framework */; };
		F5841439FDE936AD2AAB154D /* Pods_ios_share_ios_shareUITests.framework in Frameworks */ = {isa = PBXBuildFile; fileRef = 0EB5F630444DF518B0EC1F89 /* Pods_ios_share_ios_shareUITests.framework */; };
/* End PBXBuildFile section */

/* Begin PBXContainerItemProxy section */
		99C4893B27294B8D0021D442 /* PBXContainerItemProxy */ = {
			isa = PBXContainerItemProxy;
			containerPortal = 99C4892227294B860021D442 /* Project object */;
			proxyType = 1;
			remoteGlobalIDString = 99C4892927294B860021D442;
			remoteInfo = ios_share;
		};
		99C4894527294B8D0021D442 /* PBXContainerItemProxy */ = {
			isa = PBXContainerItemProxy;
			containerPortal = 99C4892227294B860021D442 /* Project object */;
			proxyType = 1;
			remoteGlobalIDString = 99C4892927294B860021D442;
			remoteInfo = ios_share;
		};
		99C48963272951890021D442 /* PBXContainerItemProxy */ = {
			isa = PBXContainerItemProxy;
			containerPortal = 99C4892227294B860021D442 /* Project object */;
			proxyType = 1;
			remoteGlobalIDString = 99C4895A272951890021D442;
			remoteInfo = share;
		};
/* End PBXContainerItemProxy section */

/* Begin PBXCopyFilesBuildPhase section */
		99C48969272951890021D442 /* Embed App Extensions */ = {
			isa = PBXCopyFilesBuildPhase;
			buildActionMask = 2147483647;
			dstPath = "";
			dstSubfolderSpec = 13;
			files = (
				99C48965272951890021D442 /* share.appex in Embed App Extensions */,
			);
			name = "Embed App Extensions";
			runOnlyForDeploymentPostprocessing = 0;
		};
/* End PBXCopyFilesBuildPhase section */

/* Begin PBXFileReference section */
		0EB5F630444DF518B0EC1F89 /* Pods_ios_share_ios_shareUITests.framework */ = {isa = PBXFileReference; explicitFileType = wrapper.framework; includeInIndex = 0; path = Pods_ios_share_ios_shareUITests.framework; sourceTree = BUILT_PRODUCTS_DIR; };
		35A04FC46EE7D6E13563C334 /* Pods-share.release.xcconfig */ = {isa = PBXFileReference; includeInIndex = 1; lastKnownFileType = text.xcconfig; name = "Pods-share.release.xcconfig"; path = "Target Support Files/Pods-share/Pods-share.release.xcconfig"; sourceTree = "<group>"; };
		42C3994D3099438AA62439C6 /* Pods-share.debug.xcconfig */ = {isa = PBXFileReference; includeInIndex = 1; lastKnownFileType = text.xcconfig; name = "Pods-share.debug.xcconfig"; path = "Target Support Files/Pods-share/Pods-share.debug.xcconfig"; sourceTree = "<group>"; };
		452667E35377EB7C3827BAA2 /* Pods-ios_shareTests.release.xcconfig */ = {isa = PBXFileReference; includeInIndex = 1; lastKnownFileType = text.xcconfig; name = "Pods-ios_shareTests.release.xcconfig"; path = "Target Support Files/Pods-ios_shareTests/Pods-ios_shareTests.release.xcconfig"; sourceTree = "<group>"; };
		58CD7BCAE13AB46393694413 /* Pods-ios_shareTests.debug.xcconfig */ = {isa = PBXFileReference; includeInIndex = 1; lastKnownFileType = text.xcconfig; name = "Pods-ios_shareTests.debug.xcconfig"; path = "Target Support Files/Pods-ios_shareTests/Pods-ios_shareTests.debug.xcconfig"; sourceTree = "<group>"; };
		6243A8BF542BB574AB654A6F /* Pods-ios_share.release.xcconfig */ = {isa = PBXFileReference; includeInIndex = 1; lastKnownFileType = text.xcconfig; name = "Pods-ios_share.release.xcconfig"; path = "Target Support Files/Pods-ios_share/Pods-ios_share.release.xcconfig"; sourceTree = "<group>"; };
		626A267352B74B2C0426AAD0 /* Pods_share.framework */ = {isa = PBXFileReference; explicitFileType = wrapper.framework; includeInIndex = 0; path = Pods_share.framework; sourceTree = BUILT_PRODUCTS_DIR; };
		75FFA61B4620CD669697D65F /* Pods-ios_share-ios_shareUITests.debug.xcconfig */ = {isa = PBXFileReference; includeInIndex = 1; lastKnownFileType = text.xcconfig; name = "Pods-ios_share-ios_shareUITests.debug.xcconfig"; path = "Target Support Files/Pods-ios_share-ios_shareUITests/Pods-ios_share-ios_shareUITests.debug.xcconfig"; sourceTree = "<group>"; };
		854D3D101F5A9893D6718416 /* Pods_ios_shareTests.framework */ = {isa = PBXFileReference; explicitFileType = wrapper.framework; includeInIndex = 0; path = Pods_ios_shareTests.framework; sourceTree = BUILT_PRODUCTS_DIR; };
		958B03474B1D5F852B27156C /* Pods-ios_share-ios_shareUITests.release.xcconfig */ = {isa = PBXFileReference; includeInIndex = 1; lastKnownFileType = text.xcconfig; name = "Pods-ios_share-ios_shareUITests.release.xcconfig"; path = "Target Support Files/Pods-ios_share-ios_shareUITests/Pods-ios_share-ios_shareUITests.release.xcconfig"; sourceTree = "<group>"; };
		990E283A272FB053004EE6B4 /* GoogleService-Info.plist */ = {isa = PBXFileReference; fileEncoding = 4; lastKnownFileType = text.plist.xml; path = "GoogleService-Info.plist"; sourceTree = "<group>"; };
		99C4892A27294B860021D442 /* ios_share.app */ = {isa = PBXFileReference; explicitFileType = wrapper.application; includeInIndex = 0; path = ios_share.app; sourceTree = BUILT_PRODUCTS_DIR; };
		99C4892D27294B860021D442 /* ios_shareApp.swift */ = {isa = PBXFileReference; lastKnownFileType = sourcecode.swift; path = ios_shareApp.swift; sourceTree = "<group>"; };
		99C4892F27294B860021D442 /* ContentView.swift */ = {isa = PBXFileReference; lastKnownFileType = sourcecode.swift; path = ContentView.swift; sourceTree = "<group>"; };
		99C4893127294B8C0021D442 /* Assets.xcassets */ = {isa = PBXFileReference; lastKnownFileType = folder.assetcatalog; path = Assets.xcassets; sourceTree = "<group>"; };
		99C4893427294B8C0021D442 /* Preview Assets.xcassets */ = {isa = PBXFileReference; lastKnownFileType = folder.assetcatalog; path = "Preview Assets.xcassets"; sourceTree = "<group>"; };
		99C4893A27294B8D0021D442 /* ios_shareTests.xctest */ = {isa = PBXFileReference; explicitFileType = wrapper.cfbundle; includeInIndex = 0; path = ios_shareTests.xctest; sourceTree = BUILT_PRODUCTS_DIR; };
		99C4893E27294B8D0021D442 /* ios_shareTests.swift */ = {isa = PBXFileReference; lastKnownFileType = sourcecode.swift; path = ios_shareTests.swift; sourceTree = "<group>"; };
		99C4894427294B8D0021D442 /* ios_shareUITests.xctest */ = {isa = PBXFileReference; explicitFileType = wrapper.cfbundle; includeInIndex = 0; path = ios_shareUITests.xctest; sourceTree = BUILT_PRODUCTS_DIR; };
		99C4894827294B8D0021D442 /* ios_shareUITests.swift */ = {isa = PBXFileReference; lastKnownFileType = sourcecode.swift; path = ios_shareUITests.swift; sourceTree = "<group>"; };
		99C4894A27294B8D0021D442 /* ios_shareUITestsLaunchTests.swift */ = {isa = PBXFileReference; lastKnownFileType = sourcecode.swift; path = ios_shareUITestsLaunchTests.swift; sourceTree = "<group>"; };
		99C4895B272951890021D442 /* share.appex */ = {isa = PBXFileReference; explicitFileType = "wrapper.app-extension"; includeInIndex = 0; path = share.appex; sourceTree = BUILT_PRODUCTS_DIR; };
		99C4895D272951890021D442 /* ShareViewController.swift */ = {isa = PBXFileReference; lastKnownFileType = sourcecode.swift; path = ShareViewController.swift; sourceTree = "<group>"; };
		99C48960272951890021D442 /* Base */ = {isa = PBXFileReference; lastKnownFileType = file.storyboard; name = Base; path = Base.lproj/MainInterface.storyboard; sourceTree = "<group>"; };
		99C48962272951890021D442 /* Info.plist */ = {isa = PBXFileReference; lastKnownFileType = text.plist.xml; path = Info.plist; sourceTree = "<group>"; };
		D8B68DCEA77B9C67FC1FA0B2 /* Pods_ios_share.framework */ = {isa = PBXFileReference; explicitFileType = wrapper.framework; includeInIndex = 0; path = Pods_ios_share.framework; sourceTree = BUILT_PRODUCTS_DIR; };
		DB42C2928710AD47B5726D53 /* Pods-ios_share.debug.xcconfig */ = {isa = PBXFileReference; includeInIndex = 1; lastKnownFileType = text.xcconfig; name = "Pods-ios_share.debug.xcconfig"; path = "Target Support Files/Pods-ios_share/Pods-ios_share.debug.xcconfig"; sourceTree = "<group>"; };
/* End PBXFileReference section */

/* Begin PBXFrameworksBuildPhase section */
		99C4892727294B860021D442 /* Frameworks */ = {
			isa = PBXFrameworksBuildPhase;
			buildActionMask = 2147483647;
			files = (
				260B948BA087541FA1229D46 /* Pods_ios_share.framework in Frameworks */,
			);
			runOnlyForDeploymentPostprocessing = 0;
		};
		99C4893727294B8D0021D442 /* Frameworks */ = {
			isa = PBXFrameworksBuildPhase;
			buildActionMask = 2147483647;
			files = (
				B548A25C4ADC2BD06562AA0D /* Pods_ios_shareTests.framework in Frameworks */,
			);
			runOnlyForDeploymentPostprocessing = 0;
		};
		99C4894127294B8D0021D442 /* Frameworks */ = {
			isa = PBXFrameworksBuildPhase;
			buildActionMask = 2147483647;
			files = (
				F5841439FDE936AD2AAB154D /* Pods_ios_share_ios_shareUITests.framework in Frameworks */,
			);
			runOnlyForDeploymentPostprocessing = 0;
		};
		99C48958272951890021D442 /* Frameworks */ = {
			isa = PBXFrameworksBuildPhase;
			buildActionMask = 2147483647;
			files = (
				08DF3236A72F67D506B70649 /* Pods_share.framework in Frameworks */,
			);
			runOnlyForDeploymentPostprocessing = 0;
		};
/* End PBXFrameworksBuildPhase section */

/* Begin PBXGroup section */
		589F5D606972454F71AF4E88 /* Pods */ = {
			isa = PBXGroup;
			children = (
				DB42C2928710AD47B5726D53 /* Pods-ios_share.debug.xcconfig */,
				6243A8BF542BB574AB654A6F /* Pods-ios_share.release.xcconfig */,
				75FFA61B4620CD669697D65F /* Pods-ios_share-ios_shareUITests.debug.xcconfig */,
				958B03474B1D5F852B27156C /* Pods-ios_share-ios_shareUITests.release.xcconfig */,
				58CD7BCAE13AB46393694413 /* Pods-ios_shareTests.debug.xcconfig */,
				452667E35377EB7C3827BAA2 /* Pods-ios_shareTests.release.xcconfig */,
				42C3994D3099438AA62439C6 /* Pods-share.debug.xcconfig */,
				35A04FC46EE7D6E13563C334 /* Pods-share.release.xcconfig */,
			);
			path = Pods;
			sourceTree = "<group>";
		};
		90916D1BD27DA9791D997EA1 /* Frameworks */ = {
			isa = PBXGroup;
			children = (
				D8B68DCEA77B9C67FC1FA0B2 /* Pods_ios_share.framework */,
				0EB5F630444DF518B0EC1F89 /* Pods_ios_share_ios_shareUITests.framework */,
				854D3D101F5A9893D6718416 /* Pods_ios_shareTests.framework */,
				626A267352B74B2C0426AAD0 /* Pods_share.framework */,
			);
			name = Frameworks;
			sourceTree = "<group>";
		};
		99C4892127294B860021D442 = {
			isa = PBXGroup;
			children = (
				99C4892C27294B860021D442 /* ios_share */,
				99C4893D27294B8D0021D442 /* ios_shareTests */,
				99C4894727294B8D0021D442 /* ios_shareUITests */,
				99C4895C272951890021D442 /* share */,
				99C4892B27294B860021D442 /* Products */,
				589F5D606972454F71AF4E88 /* Pods */,
				90916D1BD27DA9791D997EA1 /* Frameworks */,
			);
			sourceTree = "<group>";
		};
		99C4892B27294B860021D442 /* Products */ = {
			isa = PBXGroup;
			children = (
				99C4892A27294B860021D442 /* ios_share.app */,
				99C4893A27294B8D0021D442 /* ios_shareTests.xctest */,
				99C4894427294B8D0021D442 /* ios_shareUITests.xctest */,
				99C4895B272951890021D442 /* share.appex */,
			);
			name = Products;
			sourceTree = "<group>";
		};
		99C4892C27294B860021D442 /* ios_share */ = {
			isa = PBXGroup;
			children = (
				990E283A272FB053004EE6B4 /* GoogleService-Info.plist */,
				99C4892D27294B860021D442 /* ios_shareApp.swift */,
				99C4892F27294B860021D442 /* ContentView.swift */,
				99C4893127294B8C0021D442 /* Assets.xcassets */,
				99C4893327294B8C0021D442 /* Preview Content */,
			);
			path = ios_share;
			sourceTree = "<group>";
		};
		99C4893327294B8C0021D442 /* Preview Content */ = {
			isa = PBXGroup;
			children = (
				99C4893427294B8C0021D442 /* Preview Assets.xcassets */,
			);
			path = "Preview Content";
			sourceTree = "<group>";
		};
		99C4893D27294B8D0021D442 /* ios_shareTests */ = {
			isa = PBXGroup;
			children = (
				99C4893E27294B8D0021D442 /* ios_shareTests.swift */,
			);
			path = ios_shareTests;
			sourceTree = "<group>";
		};
		99C4894727294B8D0021D442 /* ios_shareUITests */ = {
			isa = PBXGroup;
			children = (
				99C4894827294B8D0021D442 /* ios_shareUITests.swift */,
				99C4894A27294B8D0021D442 /* ios_shareUITestsLaunchTests.swift */,
			);
			path = ios_shareUITests;
			sourceTree = "<group>";
		};
		99C4895C272951890021D442 /* share */ = {
			isa = PBXGroup;
			children = (
				99C4895D272951890021D442 /* ShareViewController.swift */,
				99C4895F272951890021D442 /* MainInterface.storyboard */,
				99C48962272951890021D442 /* Info.plist */,
			);
			path = share;
			sourceTree = "<group>";
		};
/* End PBXGroup section */

/* Begin PBXNativeTarget section */
		99C4892927294B860021D442 /* ios_share */ = {
			isa = PBXNativeTarget;
			buildConfigurationList = 99C4894E27294B8D0021D442 /* Build configuration list for PBXNativeTarget "ios_share" */;
			buildPhases = (
				43FA6B30E1732E3EE29DF541 /* [CP] Check Pods Manifest.lock */,
				99C4892627294B860021D442 /* Sources */,
				99C4892727294B860021D442 /* Frameworks */,
				99C4892827294B860021D442 /* Resources */,
				99C48969272951890021D442 /* Embed App Extensions */,
				951CB0BBF145106CE7BF5978 /* [CP] Embed Pods Frameworks */,
			);
			buildRules = (
			);
			dependencies = (
				99C48964272951890021D442 /* PBXTargetDependency */,
			);
			name = ios_share;
			productName = ios_share;
			productReference = 99C4892A27294B860021D442 /* ios_share.app */;
			productType = "com.apple.product-type.application";
		};
		99C4893927294B8D0021D442 /* ios_shareTests */ = {
			isa = PBXNativeTarget;
			buildConfigurationList = 99C4895127294B8D0021D442 /* Build configuration list for PBXNativeTarget "ios_shareTests" */;
			buildPhases = (
				52F5A9529B183D980EE3574E /* [CP] Check Pods Manifest.lock */,
				99C4893627294B8D0021D442 /* Sources */,
				99C4893727294B8D0021D442 /* Frameworks */,
				99C4893827294B8D0021D442 /* Resources */,
			);
			buildRules = (
			);
			dependencies = (
				99C4893C27294B8D0021D442 /* PBXTargetDependency */,
			);
			name = ios_shareTests;
			productName = ios_shareTests;
			productReference = 99C4893A27294B8D0021D442 /* ios_shareTests.xctest */;
			productType = "com.apple.product-type.bundle.unit-test";
		};
		99C4894327294B8D0021D442 /* ios_shareUITests */ = {
			isa = PBXNativeTarget;
			buildConfigurationList = 99C4895427294B8D0021D442 /* Build configuration list for PBXNativeTarget "ios_shareUITests" */;
			buildPhases = (
				119CDD927E75E10338633518 /* [CP] Check Pods Manifest.lock */,
				99C4894027294B8D0021D442 /* Sources */,
				99C4894127294B8D0021D442 /* Frameworks */,
				99C4894227294B8D0021D442 /* Resources */,
				45632C214EA0F7D445C0F346 /* [CP] Embed Pods Frameworks */,
			);
			buildRules = (
			);
			dependencies = (
				99C4894627294B8D0021D442 /* PBXTargetDependency */,
			);
			name = ios_shareUITests;
			productName = ios_shareUITests;
			productReference = 99C4894427294B8D0021D442 /* ios_shareUITests.xctest */;
			productType = "com.apple.product-type.bundle.ui-testing";
		};
		99C4895A272951890021D442 /* share */ = {
			isa = PBXNativeTarget;
			buildConfigurationList = 99C48966272951890021D442 /* Build configuration list for PBXNativeTarget "share" */;
			buildPhases = (
				F66ABB99AF4CD66FA8F7B6E2 /* [CP] Check Pods Manifest.lock */,
				99C48957272951890021D442 /* Sources */,
				99C48958272951890021D442 /* Frameworks */,
				99C48959272951890021D442 /* Resources */,
			);
			buildRules = (
			);
			dependencies = (
			);
			name = share;
			productName = share;
			productReference = 99C4895B272951890021D442 /* share.appex */;
			productType = "com.apple.product-type.app-extension";
		};
/* End PBXNativeTarget section */

/* Begin PBXProject section */
		99C4892227294B860021D442 /* Project object */ = {
			isa = PBXProject;
			attributes = {
				BuildIndependentTargetsInParallel = 1;
				LastSwiftUpdateCheck = 1310;
				LastUpgradeCheck = 1310;
				TargetAttributes = {
					99C4892927294B860021D442 = {
						CreatedOnToolsVersion = 13.1;
					};
					99C4893927294B8D0021D442 = {
						CreatedOnToolsVersion = 13.1;
						TestTargetID = 99C4892927294B860021D442;
					};
					99C4894327294B8D0021D442 = {
						CreatedOnToolsVersion = 13.1;
						TestTargetID = 99C4892927294B860021D442;
					};
					99C4895A272951890021D442 = {
						CreatedOnToolsVersion = 13.1;
					};
				};
			};
			buildConfigurationList = 99C4892527294B860021D442 /* Build configuration list for PBXProject "ios_share" */;
			compatibilityVersion = "Xcode 13.0";
			developmentRegion = en;
			hasScannedForEncodings = 0;
			knownRegions = (
				en,
				Base,
			);
			mainGroup = 99C4892127294B860021D442;
			productRefGroup = 99C4892B27294B860021D442 /* Products */;
			projectDirPath = "";
			projectRoot = "";
			targets = (
				99C4892927294B860021D442 /* ios_share */,
				99C4893927294B8D0021D442 /* ios_shareTests */,
				99C4894327294B8D0021D442 /* ios_shareUITests */,
				99C4895A272951890021D442 /* share */,
			);
		};
/* End PBXProject section */

/* Begin PBXResourcesBuildPhase section */
		99C4892827294B860021D442 /* Resources */ = {
			isa = PBXResourcesBuildPhase;
			buildActionMask = 2147483647;
			files = (
				99C4893527294B8C0021D442 /* Preview Assets.xcassets in Resources */,
				99C4893227294B8C0021D442 /* Assets.xcassets in Resources */,
				990E283B272FB053004EE6B4 /* GoogleService-Info.plist in Resources */,
			);
			runOnlyForDeploymentPostprocessing = 0;
		};
		99C4893827294B8D0021D442 /* Resources */ = {
			isa = PBXResourcesBuildPhase;
			buildActionMask = 2147483647;
			files = (
			);
			runOnlyForDeploymentPostprocessing = 0;
		};
		99C4894227294B8D0021D442 /* Resources */ = {
			isa = PBXResourcesBuildPhase;
			buildActionMask = 2147483647;
			files = (
			);
			runOnlyForDeploymentPostprocessing = 0;
		};
		99C48959272951890021D442 /* Resources */ = {
			isa = PBXResourcesBuildPhase;
			buildActionMask = 2147483647;
			files = (
				99C48961272951890021D442 /* MainInterface.storyboard in Resources */,
			);
			runOnlyForDeploymentPostprocessing = 0;
		};
/* End PBXResourcesBuildPhase section */

/* Begin PBXShellScriptBuildPhase section */
		119CDD927E75E10338633518 /* [CP] Check Pods Manifest.lock */ = {
			isa = PBXShellScriptBuildPhase;
			buildActionMask = 2147483647;
			files = (
			);
			inputFileListPaths = (
			);
			inputPaths = (
				"${PODS_PODFILE_DIR_PATH}/Podfile.lock",
				"${PODS_ROOT}/Manifest.lock",
			);
			name = "[CP] Check Pods Manifest.lock";
			outputFileListPaths = (
			);
			outputPaths = (
				"$(DERIVED_FILE_DIR)/Pods-ios_share-ios_shareUITests-checkManifestLockResult.txt",
			);
			runOnlyForDeploymentPostprocessing = 0;
			shellPath = /bin/sh;
			shellScript = "diff \"${PODS_PODFILE_DIR_PATH}/Podfile.lock\" \"${PODS_ROOT}/Manifest.lock\" > /dev/null\nif [ $? != 0 ] ; then\n    # print error to STDERR\n    echo \"error: The sandbox is not in sync with the Podfile.lock. Run 'pod install' or update your CocoaPods installation.\" >&2\n    exit 1\nfi\n# This output is used by Xcode 'outputs' to avoid re-running this script phase.\necho \"SUCCESS\" > \"${SCRIPT_OUTPUT_FILE_0}\"\n";
			showEnvVarsInLog = 0;
		};
		43FA6B30E1732E3EE29DF541 /* [CP] Check Pods Manifest.lock */ = {
			isa = PBXShellScriptBuildPhase;
			buildActionMask = 2147483647;
			files = (
			);
			inputFileListPaths = (
			);
			inputPaths = (
				"${PODS_PODFILE_DIR_PATH}/Podfile.lock",
				"${PODS_ROOT}/Manifest.lock",
			);
			name = "[CP] Check Pods Manifest.lock";
			outputFileListPaths = (
			);
			outputPaths = (
				"$(DERIVED_FILE_DIR)/Pods-ios_share-checkManifestLockResult.txt",
			);
			runOnlyForDeploymentPostprocessing = 0;
			shellPath = /bin/sh;
			shellScript = "diff \"${PODS_PODFILE_DIR_PATH}/Podfile.lock\" \"${PODS_ROOT}/Manifest.lock\" > /dev/null\nif [ $? != 0 ] ; then\n    # print error to STDERR\n    echo \"error: The sandbox is not in sync with the Podfile.lock. Run 'pod install' or update your CocoaPods installation.\" >&2\n    exit 1\nfi\n# This output is used by Xcode 'outputs' to avoid re-running this script phase.\necho \"SUCCESS\" > \"${SCRIPT_OUTPUT_FILE_0}\"\n";
			showEnvVarsInLog = 0;
		};
		45632C214EA0F7D445C0F346 /* [CP] Embed Pods Frameworks */ = {
			isa = PBXShellScriptBuildPhase;
			buildActionMask = 2147483647;
			files = (
			);
			inputFileListPaths = (
				"${PODS_ROOT}/Target Support Files/Pods-ios_share-ios_shareUITests/Pods-ios_share-ios_shareUITests-frameworks-${CONFIGURATION}-input-files.xcfilelist",
			);
			name = "[CP] Embed Pods Frameworks";
			outputFileListPaths = (
				"${PODS_ROOT}/Target Support Files/Pods-ios_share-ios_shareUITests/Pods-ios_share-ios_shareUITests-frameworks-${CONFIGURATION}-output-files.xcfilelist",
			);
			runOnlyForDeploymentPostprocessing = 0;
			shellPath = /bin/sh;
			shellScript = "\"${PODS_ROOT}/Target Support Files/Pods-ios_share-ios_shareUITests/Pods-ios_share-ios_shareUITests-frameworks.sh\"\n";
			showEnvVarsInLog = 0;
		};
		52F5A9529B183D980EE3574E /* [CP] Check Pods Manifest.lock */ = {
			isa = PBXShellScriptBuildPhase;
			buildActionMask = 2147483647;
			files = (
			);
			inputFileListPaths = (
			);
			inputPaths = (
				"${PODS_PODFILE_DIR_PATH}/Podfile.lock",
				"${PODS_ROOT}/Manifest.lock",
			);
			name = "[CP] Check Pods Manifest.lock";
			outputFileListPaths = (
			);
			outputPaths = (
				"$(DERIVED_FILE_DIR)/Pods-ios_shareTests-checkManifestLockResult.txt",
			);
			runOnlyForDeploymentPostprocessing = 0;
			shellPath = /bin/sh;
			shellScript = "diff \"${PODS_PODFILE_DIR_PATH}/Podfile.lock\" \"${PODS_ROOT}/Manifest.lock\" > /dev/null\nif [ $? != 0 ] ; then\n    # print error to STDERR\n    echo \"error: The sandbox is not in sync with the Podfile.lock. Run 'pod install' or update your CocoaPods installation.\" >&2\n    exit 1\nfi\n# This output is used by Xcode 'outputs' to avoid re-running this script phase.\necho \"SUCCESS\" > \"${SCRIPT_OUTPUT_FILE_0}\"\n";
			showEnvVarsInLog = 0;
		};
		951CB0BBF145106CE7BF5978 /* [CP] Embed Pods Frameworks */ = {
			isa = PBXShellScriptBuildPhase;
			buildActionMask = 2147483647;
			files = (
			);
			inputFileListPaths = (
				"${PODS_ROOT}/Target Support Files/Pods-ios_share/Pods-ios_share-frameworks-${CONFIGURATION}-input-files.xcfilelist",
			);
			name = "[CP] Embed Pods Frameworks";
			outputFileListPaths = (
				"${PODS_ROOT}/Target Support Files/Pods-ios_share/Pods-ios_share-frameworks-${CONFIGURATION}-output-files.xcfilelist",
			);
			runOnlyForDeploymentPostprocessing = 0;
			shellPath = /bin/sh;
			shellScript = "\"${PODS_ROOT}/Target Support Files/Pods-ios_share/Pods-ios_share-frameworks.sh\"\n";
			showEnvVarsInLog = 0;
		};
		F66ABB99AF4CD66FA8F7B6E2 /* [CP] Check Pods Manifest.lock */ = {
			isa = PBXShellScriptBuildPhase;
			buildActionMask = 2147483647;
			files = (
			);
			inputFileListPaths = (
			);
			inputPaths = (
				"${PODS_PODFILE_DIR_PATH}/Podfile.lock",
				"${PODS_ROOT}/Manifest.lock",
			);
			name = "[CP] Check Pods Manifest.lock";
			outputFileListPaths = (
			);
			outputPaths = (
				"$(DERIVED_FILE_DIR)/Pods-share-checkManifestLockResult.txt",
			);
			runOnlyForDeploymentPostprocessing = 0;
			shellPath = /bin/sh;
			shellScript = "diff \"${PODS_PODFILE_DIR_PATH}/Podfile.lock\" \"${PODS_ROOT}/Manifest.lock\" > /dev/null\nif [ $? != 0 ] ; then\n    # print error to STDERR\n    echo \"error: The sandbox is not in sync with the Podfile.lock. Run 'pod install' or update your CocoaPods installation.\" >&2\n    exit 1\nfi\n# This output is used by Xcode 'outputs' to avoid re-running this script phase.\necho \"SUCCESS\" > \"${SCRIPT_OUTPUT_FILE_0}\"\n";
			showEnvVarsInLog = 0;
		};
/* End PBXShellScriptBuildPhase section */

/* Begin PBXSourcesBuildPhase section */
		99C4892627294B860021D442 /* Sources */ = {
			isa = PBXSourcesBuildPhase;
			buildActionMask = 2147483647;
			files = (
				99C4893027294B860021D442 /* ContentView.swift in Sources */,
				99C4892E27294B860021D442 /* ios_shareApp.swift in Sources */,
			);
			runOnlyForDeploymentPostprocessing = 0;
		};
		99C4893627294B8D0021D442 /* Sources */ = {
			isa = PBXSourcesBuildPhase;
			buildActionMask = 2147483647;
			files = (
				99C4893F27294B8D0021D442 /* ios_shareTests.swift in Sources */,
			);
			runOnlyForDeploymentPostprocessing = 0;
		};
		99C4894027294B8D0021D442 /* Sources */ = {
			isa = PBXSourcesBuildPhase;
			buildActionMask = 2147483647;
			files = (
				99C4894B27294B8D0021D442 /* ios_shareUITestsLaunchTests.swift in Sources */,
				99C4894927294B8D0021D442 /* ios_shareUITests.swift in Sources */,
			);
			runOnlyForDeploymentPostprocessing = 0;
		};
		99C48957272951890021D442 /* Sources */ = {
			isa = PBXSourcesBuildPhase;
			buildActionMask = 2147483647;
			files = (
				99C4895E272951890021D442 /* ShareViewController.swift in Sources */,
			);
			runOnlyForDeploymentPostprocessing = 0;
		};
/* End PBXSourcesBuildPhase section */

/* Begin PBXTargetDependency section */
		99C4893C27294B8D0021D442 /* PBXTargetDependency */ = {
			isa = PBXTargetDependency;
			target = 99C4892927294B860021D442 /* ios_share */;
			targetProxy = 99C4893B27294B8D0021D442 /* PBXContainerItemProxy */;
		};
		99C4894627294B8D0021D442 /* PBXTargetDependency */ = {
			isa = PBXTargetDependency;
			target = 99C4892927294B860021D442 /* ios_share */;
			targetProxy = 99C4894527294B8D0021D442 /* PBXContainerItemProxy */;
		};
		99C48964272951890021D442 /* PBXTargetDependency */ = {
			isa = PBXTargetDependency;
			target = 99C4895A272951890021D442 /* share */;
			targetProxy = 99C48963272951890021D442 /* PBXContainerItemProxy */;
		};
/* End PBXTargetDependency section */

/* Begin PBXVariantGroup section */
		99C4895F272951890021D442 /* MainInterface.storyboard */ = {
			isa = PBXVariantGroup;
			children = (
				99C48960272951890021D442 /* Base */,
			);
			name = MainInterface.storyboard;
			sourceTree = "<group>";
		};
/* End PBXVariantGroup section */

/* Begin XCBuildConfiguration section */
		99C4894C27294B8D0021D442 /* Debug */ = {
			isa = XCBuildConfiguration;
			buildSettings = {
				ALWAYS_SEARCH_USER_PATHS = NO;
				CLANG_ANALYZER_NONNULL = YES;
				CLANG_ANALYZER_NUMBER_OBJECT_CONVERSION = YES_AGGRESSIVE;
				CLANG_CXX_LANGUAGE_STANDARD = "gnu++17";
				CLANG_CXX_LIBRARY = "libc++";
				CLANG_ENABLE_MODULES = YES;
				CLANG_ENABLE_OBJC_ARC = YES;
				CLANG_ENABLE_OBJC_WEAK = YES;
				CLANG_WARN_BLOCK_CAPTURE_AUTORELEASING = YES;
				CLANG_WARN_BOOL_CONVERSION = YES;
				CLANG_WARN_COMMA = YES;
				CLANG_WARN_CONSTANT_CONVERSION = YES;
				CLANG_WARN_DEPRECATED_OBJC_IMPLEMENTATIONS = YES;
				CLANG_WARN_DIRECT_OBJC_ISA_USAGE = YES_ERROR;
				CLANG_WARN_DOCUMENTATION_COMMENTS = YES;
				CLANG_WARN_EMPTY_BODY = YES;
				CLANG_WARN_ENUM_CONVERSION = YES;
				CLANG_WARN_INFINITE_RECURSION = YES;
				CLANG_WARN_INT_CONVERSION = YES;
				CLANG_WARN_NON_LITERAL_NULL_CONVERSION = YES;
				CLANG_WARN_OBJC_IMPLICIT_RETAIN_SELF = YES;
				CLANG_WARN_OBJC_LITERAL_CONVERSION = YES;
				CLANG_WARN_OBJC_ROOT_CLASS = YES_ERROR;
				CLANG_WARN_QUOTED_INCLUDE_IN_FRAMEWORK_HEADER = YES;
				CLANG_WARN_RANGE_LOOP_ANALYSIS = YES;
				CLANG_WARN_STRICT_PROTOTYPES = YES;
				CLANG_WARN_SUSPICIOUS_MOVE = YES;
				CLANG_WARN_UNGUARDED_AVAILABILITY = YES_AGGRESSIVE;
				CLANG_WARN_UNREACHABLE_CODE = YES;
				CLANG_WARN__DUPLICATE_METHOD_MATCH = YES;
				COPY_PHASE_STRIP = NO;
				DEBUG_INFORMATION_FORMAT = dwarf;
				ENABLE_STRICT_OBJC_MSGSEND = YES;
				ENABLE_TESTABILITY = YES;
				GCC_C_LANGUAGE_STANDARD = gnu11;
				GCC_DYNAMIC_NO_PIC = NO;
				GCC_NO_COMMON_BLOCKS = YES;
				GCC_OPTIMIZATION_LEVEL = 0;
				GCC_PREPROCESSOR_DEFINITIONS = (
					"DEBUG=1",
					"$(inherited)",
				);
				GCC_WARN_64_TO_32_BIT_CONVERSION = YES;
				GCC_WARN_ABOUT_RETURN_TYPE = YES_ERROR;
				GCC_WARN_UNDECLARED_SELECTOR = YES;
				GCC_WARN_UNINITIALIZED_AUTOS = YES_AGGRESSIVE;
				GCC_WARN_UNUSED_FUNCTION = YES;
				GCC_WARN_UNUSED_VARIABLE = YES;
				IPHONEOS_DEPLOYMENT_TARGET = 14.7;
				MTL_ENABLE_DEBUG_INFO = INCLUDE_SOURCE;
				MTL_FAST_MATH = YES;
				ONLY_ACTIVE_ARCH = YES;
				SDKROOT = iphoneos;
				SWIFT_ACTIVE_COMPILATION_CONDITIONS = DEBUG;
				SWIFT_OPTIMIZATION_LEVEL = "-Onone";
			};
			name = Debug;
		};
		99C4894D27294B8D0021D442 /* Release */ = {
			isa = XCBuildConfiguration;
			buildSettings = {
				ALWAYS_SEARCH_USER_PATHS = NO;
				CLANG_ANALYZER_NONNULL = YES;
				CLANG_ANALYZER_NUMBER_OBJECT_CONVERSION = YES_AGGRESSIVE;
				CLANG_CXX_LANGUAGE_STANDARD = "gnu++17";
				CLANG_CXX_LIBRARY = "libc++";
				CLANG_ENABLE_MODULES = YES;
				CLANG_ENABLE_OBJC_ARC = YES;
				CLANG_ENABLE_OBJC_WEAK = YES;
				CLANG_WARN_BLOCK_CAPTURE_AUTORELEASING = YES;
				CLANG_WARN_BOOL_CONVERSION = YES;
				CLANG_WARN_COMMA = YES;
				CLANG_WARN_CONSTANT_CONVERSION = YES;
				CLANG_WARN_DEPRECATED_OBJC_IMPLEMENTATIONS = YES;
				CLANG_WARN_DIRECT_OBJC_ISA_USAGE = YES_ERROR;
				CLANG_WARN_DOCUMENTATION_COMMENTS = YES;
				CLANG_WARN_EMPTY_BODY = YES;
				CLANG_WARN_ENUM_CONVERSION = YES;
				CLANG_WARN_INFINITE_RECURSION = YES;
				CLANG_WARN_INT_CONVERSION = YES;
				CLANG_WARN_NON_LITERAL_NULL_CONVERSION = YES;
				CLANG_WARN_OBJC_IMPLICIT_RETAIN_SELF = YES;
				CLANG_WARN_OBJC_LITERAL_CONVERSION = YES;
				CLANG_WARN_OBJC_ROOT_CLASS = YES_ERROR;
				CLANG_WARN_QUOTED_INCLUDE_IN_FRAMEWORK_HEADER = YES;
				CLANG_WARN_RANGE_LOOP_ANALYSIS = YES;
				CLANG_WARN_STRICT_PROTOTYPES = YES;
				CLANG_WARN_SUSPICIOUS_MOVE = YES;
				CLANG_WARN_UNGUARDED_AVAILABILITY = YES_AGGRESSIVE;
				CLANG_WARN_UNREACHABLE_CODE = YES;
				CLANG_WARN__DUPLICATE_METHOD_MATCH = YES;
				COPY_PHASE_STRIP = NO;
				DEBUG_INFORMATION_FORMAT = "dwarf-with-dsym";
				ENABLE_NS_ASSERTIONS = NO;
				ENABLE_STRICT_OBJC_MSGSEND = YES;
				GCC_C_LANGUAGE_STANDARD = gnu11;
				GCC_NO_COMMON_BLOCKS = YES;
				GCC_WARN_64_TO_32_BIT_CONVERSION = YES;
				GCC_WARN_ABOUT_RETURN_TYPE = YES_ERROR;
				GCC_WARN_UNDECLARED_SELECTOR = YES;
				GCC_WARN_UNINITIALIZED_AUTOS = YES_AGGRESSIVE;
				GCC_WARN_UNUSED_FUNCTION = YES;
				GCC_WARN_UNUSED_VARIABLE = YES;
				IPHONEOS_DEPLOYMENT_TARGET = 14.7;
				MTL_ENABLE_DEBUG_INFO = NO;
				MTL_FAST_MATH = YES;
				SDKROOT = iphoneos;
				SWIFT_COMPILATION_MODE = wholemodule;
				SWIFT_OPTIMIZATION_LEVEL = "-O";
				VALIDATE_PRODUCT = YES;
			};
			name = Release;
		};
		99C4894F27294B8D0021D442 /* Debug */ = {
			isa = XCBuildConfiguration;
			baseConfigurationReference = DB42C2928710AD47B5726D53 /* Pods-ios_share.debug.xcconfig */;
			buildSettings = {
				ALWAYS_EMBED_SWIFT_STANDARD_LIBRARIES = YES;
				ASSETCATALOG_COMPILER_APPICON_NAME = AppIcon;
				ASSETCATALOG_COMPILER_GLOBAL_ACCENT_COLOR_NAME = AccentColor;
				CODE_SIGN_STYLE = Automatic;
				CURRENT_PROJECT_VERSION = 1;
				DEVELOPMENT_ASSET_PATHS = "\"ios_share/Preview Content\"";
				DEVELOPMENT_TEAM = S67GD4399F;
				ENABLE_PREVIEWS = YES;
				GENERATE_INFOPLIST_FILE = YES;
				INFOPLIST_KEY_UIApplicationSceneManifest_Generation = YES;
				INFOPLIST_KEY_UIApplicationSupportsIndirectInputEvents = YES;
				INFOPLIST_KEY_UILaunchScreen_Generation = YES;
				INFOPLIST_KEY_UISupportedInterfaceOrientations_iPad = "UIInterfaceOrientationPortrait UIInterfaceOrientationPortraitUpsideDown UIInterfaceOrientationLandscapeLeft UIInterfaceOrientationLandscapeRight";
				INFOPLIST_KEY_UISupportedInterfaceOrientations_iPhone = "UIInterfaceOrientationPortrait UIInterfaceOrientationLandscapeLeft UIInterfaceOrientationLandscapeRight";
				LD_RUNPATH_SEARCH_PATHS = (
					"$(inherited)",
					"@executable_path/Frameworks",
				);
				MARKETING_VERSION = 1.0;
				PRODUCT_BUNDLE_IDENTIFIER = "kb.ios-share";
				PRODUCT_NAME = "$(TARGET_NAME)";
				SWIFT_EMIT_LOC_STRINGS = YES;
				SWIFT_VERSION = 5.0;
				TARGETED_DEVICE_FAMILY = "1,2";
			};
			name = Debug;
		};
		99C4895027294B8D0021D442 /* Release */ = {
			isa = XCBuildConfiguration;
			baseConfigurationReference = 6243A8BF542BB574AB654A6F /* Pods-ios_share.release.xcconfig */;
			buildSettings = {
				ALWAYS_EMBED_SWIFT_STANDARD_LIBRARIES = YES;
				ASSETCATALOG_COMPILER_APPICON_NAME = AppIcon;
				ASSETCATALOG_COMPILER_GLOBAL_ACCENT_COLOR_NAME = AccentColor;
				CODE_SIGN_STYLE = Automatic;
				CURRENT_PROJECT_VERSION = 1;
				DEVELOPMENT_ASSET_PATHS = "\"ios_share/Preview Content\"";
				DEVELOPMENT_TEAM = S67GD4399F;
				ENABLE_PREVIEWS = YES;
				GENERATE_INFOPLIST_FILE = YES;
				INFOPLIST_KEY_UIApplicationSceneManifest_Generation = YES;
				INFOPLIST_KEY_UIApplicationSupportsIndirectInputEvents = YES;
				INFOPLIST_KEY_UILaunchScreen_Generation = YES;
				INFOPLIST_KEY_UISupportedInterfaceOrientations_iPad = "UIInterfaceOrientationPortrait UIInterfaceOrientationPortraitUpsideDown UIInterfaceOrientationLandscapeLeft UIInterfaceOrientationLandscapeRight";
				INFOPLIST_KEY_UISupportedInterfaceOrientations_iPhone = "UIInterfaceOrientationPortrait UIInterfaceOrientationLandscapeLeft UIInterfaceOrientationLandscapeRight";
				LD_RUNPATH_SEARCH_PATHS = (
					"$(inherited)",
					"@executable_path/Frameworks",
				);
				MARKETING_VERSION = 1.0;
				PRODUCT_BUNDLE_IDENTIFIER = "kb.ios-share";
				PRODUCT_NAME = "$(TARGET_NAME)";
				SWIFT_EMIT_LOC_STRINGS = YES;
				SWIFT_VERSION = 5.0;
				TARGETED_DEVICE_FAMILY = "1,2";
			};
			name = Release;
		};
		99C4895227294B8D0021D442 /* Debug */ = {
			isa = XCBuildConfiguration;
			baseConfigurationReference = 58CD7BCAE13AB46393694413 /* Pods-ios_shareTests.debug.xcconfig */;
			buildSettings = {
				ALWAYS_EMBED_SWIFT_STANDARD_LIBRARIES = YES;
				BUNDLE_LOADER = "$(TEST_HOST)";
				CODE_SIGN_STYLE = Automatic;
				CURRENT_PROJECT_VERSION = 1;
				DEVELOPMENT_TEAM = S67GD4399F;
				GENERATE_INFOPLIST_FILE = YES;
				IPHONEOS_DEPLOYMENT_TARGET = 15.0;
				LD_RUNPATH_SEARCH_PATHS = (
					"$(inherited)",
					"@executable_path/Frameworks",
					"@loader_path/Frameworks",
				);
				MARKETING_VERSION = 1.0;
				PRODUCT_BUNDLE_IDENTIFIER = "kb.ios-shareTests";
				PRODUCT_NAME = "$(TARGET_NAME)";
				SWIFT_EMIT_LOC_STRINGS = NO;
				SWIFT_VERSION = 5.0;
				TARGETED_DEVICE_FAMILY = "1,2";
				TEST_HOST = "$(BUILT_PRODUCTS_DIR)/ios_share.app/ios_share";
			};
			name = Debug;
		};
		99C4895327294B8D0021D442 /* Release */ = {
			isa = XCBuildConfiguration;
			baseConfigurationReference = 452667E35377EB7C3827BAA2 /* Pods-ios_shareTests.release.xcconfig */;
			buildSettings = {
				ALWAYS_EMBED_SWIFT_STANDARD_LIBRARIES = YES;
				BUNDLE_LOADER = "$(TEST_HOST)";
				CODE_SIGN_STYLE = Automatic;
				CURRENT_PROJECT_VERSION = 1;
				DEVELOPMENT_TEAM = S67GD4399F;
				GENERATE_INFOPLIST_FILE = YES;
				IPHONEOS_DEPLOYMENT_TARGET = 15.0;
				LD_RUNPATH_SEARCH_PATHS = (
					"$(inherited)",
					"@executable_path/Frameworks",
					"@loader_path/Frameworks",
				);
				MARKETING_VERSION = 1.0;
				PRODUCT_BUNDLE_IDENTIFIER = "kb.ios-shareTests";
				PRODUCT_NAME = "$(TARGET_NAME)";
				SWIFT_EMIT_LOC_STRINGS = NO;
				SWIFT_VERSION = 5.0;
				TARGETED_DEVICE_FAMILY = "1,2";
				TEST_HOST = "$(BUILT_PRODUCTS_DIR)/ios_share.app/ios_share";
			};
			name = Release;
		};
		99C4895527294B8D0021D442 /* Debug */ = {
			isa = XCBuildConfiguration;
			baseConfigurationReference = 75FFA61B4620CD669697D65F /* Pods-ios_share-ios_shareUITests.debug.xcconfig */;
			buildSettings = {
				ALWAYS_EMBED_SWIFT_STANDARD_LIBRARIES = YES;
				CODE_SIGN_STYLE = Automatic;
				CURRENT_PROJECT_VERSION = 1;
				DEVELOPMENT_TEAM = S67GD4399F;
				GENERATE_INFOPLIST_FILE = YES;
				LD_RUNPATH_SEARCH_PATHS = (
					"$(inherited)",
					"@executable_path/Frameworks",
					"@loader_path/Frameworks",
				);
				MARKETING_VERSION = 1.0;
				PRODUCT_BUNDLE_IDENTIFIER = "kb.ios-shareUITests";
				PRODUCT_NAME = "$(TARGET_NAME)";
				SWIFT_EMIT_LOC_STRINGS = NO;
				SWIFT_VERSION = 5.0;
				TARGETED_DEVICE_FAMILY = "1,2";
				TEST_TARGET_NAME = ios_share;
			};
			name = Debug;
		};
		99C4895627294B8D0021D442 /* Release */ = {
			isa = XCBuildConfiguration;
			baseConfigurationReference = 958B03474B1D5F852B27156C /* Pods-ios_share-ios_shareUITests.release.xcconfig */;
			buildSettings = {
				ALWAYS_EMBED_SWIFT_STANDARD_LIBRARIES = YES;
				CODE_SIGN_STYLE = Automatic;
				CURRENT_PROJECT_VERSION = 1;
				DEVELOPMENT_TEAM = S67GD4399F;
				GENERATE_INFOPLIST_FILE = YES;
				LD_RUNPATH_SEARCH_PATHS = (
					"$(inherited)",
					"@executable_path/Frameworks",
					"@loader_path/Frameworks",
				);
				MARKETING_VERSION = 1.0;
				PRODUCT_BUNDLE_IDENTIFIER = "kb.ios-shareUITests";
				PRODUCT_NAME = "$(TARGET_NAME)";
				SWIFT_EMIT_LOC_STRINGS = NO;
				SWIFT_VERSION = 5.0;
				TARGETED_DEVICE_FAMILY = "1,2";
				TEST_TARGET_NAME = ios_share;
			};
			name = Release;
		};
		99C48967272951890021D442 /* Debug */ = {
			isa = XCBuildConfiguration;
			baseConfigurationReference = 42C3994D3099438AA62439C6 /* Pods-share.debug.xcconfig */;
			buildSettings = {
				CODE_SIGN_STYLE = Automatic;
				CURRENT_PROJECT_VERSION = 1;
				DEVELOPMENT_TEAM = S67GD4399F;
				GENERATE_INFOPLIST_FILE = YES;
				INFOPLIST_FILE = share/Info.plist;
				INFOPLIST_KEY_CFBundleDisplayName = share;
				INFOPLIST_KEY_NSHumanReadableCopyright = "";
				LD_RUNPATH_SEARCH_PATHS = (
					"$(inherited)",
					"@executable_path/Frameworks",
					"@executable_path/../../Frameworks",
				);
				MARKETING_VERSION = 1.0;
				PRODUCT_BUNDLE_IDENTIFIER = "kb.ios-share.share";
				PRODUCT_NAME = "$(TARGET_NAME)";
				SKIP_INSTALL = YES;
				SWIFT_EMIT_LOC_STRINGS = YES;
				SWIFT_VERSION = 5.0;
				TARGETED_DEVICE_FAMILY = "1,2";
			};
			name = Debug;
		};
		99C48968272951890021D442 /* Release */ = {
			isa = XCBuildConfiguration;
			baseConfigurationReference = 35A04FC46EE7D6E13563C334 /* Pods-share.release.xcconfig */;
			buildSettings = {
				CODE_SIGN_STYLE = Automatic;
				CURRENT_PROJECT_VERSION = 1;
				DEVELOPMENT_TEAM = S67GD4399F;
				GENERATE_INFOPLIST_FILE = YES;
				INFOPLIST_FILE = share/Info.plist;
				INFOPLIST_KEY_CFBundleDisplayName = share;
				INFOPLIST_KEY_NSHumanReadableCopyright = "";
				LD_RUNPATH_SEARCH_PATHS = (
					"$(inherited)",
					"@executable_path/Frameworks",
					"@executable_path/../../Frameworks",
				);
				MARKETING_VERSION = 1.0;
				PRODUCT_BUNDLE_IDENTIFIER = "kb.ios-share.share";
				PRODUCT_NAME = "$(TARGET_NAME)";
				SKIP_INSTALL = YES;
				SWIFT_EMIT_LOC_STRINGS = YES;
				SWIFT_VERSION = 5.0;
				TARGETED_DEVICE_FAMILY = "1,2";
			};
			name = Release;
		};
/* End XCBuildConfiguration section */

/* Begin XCConfigurationList section */
		99C4892527294B860021D442 /* Build configuration list for PBXProject "ios_share" */ = {
			isa = XCConfigurationList;
			buildConfigurations = (
				99C4894C27294B8D0021D442 /* Debug */,
				99C4894D27294B8D0021D442 /* Release */,
			);
			defaultConfigurationIsVisible = 0;
			defaultConfigurationName = Release;
		};
		99C4894E27294B8D0021D442 /* Build configuration list for PBXNativeTarget "ios_share" */ = {
			isa = XCConfigurationList;
			buildConfigurations = (
				99C4894F27294B8D0021D442 /* Debug */,
				99C4895027294B8D0021D442 /* Release */,
			);
			defaultConfigurationIsVisible = 0;
			defaultConfigurationName = Release;
		};
		99C4895127294B8D0021D442 /* Build configuration list for PBXNativeTarget "ios_shareTests" */ = {
			isa = XCConfigurationList;
			buildConfigurations = (
				99C4895227294B8D0021D442 /* Debug */,
				99C4895327294B8D0021D442 /* Release */,
			);
			defaultConfigurationIsVisible = 0;
			defaultConfigurationName = Release;
		};
		99C4895427294B8D0021D442 /* Build configuration list for PBXNativeTarget "ios_shareUITests" */ = {
			isa = XCConfigurationList;
			buildConfigurations = (
				99C4895527294B8D0021D442 /* Debug */,
				99C4895627294B8D0021D442 /* Release */,
			);
			defaultConfigurationIsVisible = 0;
			defaultConfigurationName = Release;
		};
		99C48966272951890021D442 /* Build configuration list for PBXNativeTarget "share" */ = {
			isa = XCConfigurationList;
			buildConfigurations = (
				99C48967272951890021D442 /* Debug */,
				99C48968272951890021D442 /* Release */,
			);
			defaultConfigurationIsVisible = 0;
			defaultConfigurationName = Release;
		};
/* End XCConfigurationList section */
	};
	rootObject = 99C4892227294B860021D442 /* Project object */;
}
