// !$*UTF8*$!
{
	archiveVersion = 1;
	classes = {
	};
	objectVersion = 51;
	objects = {

/* Begin PBXBuildFile section */
		5EB31C76481FD482BDB3E1E7 /* Pods_KaKaoLogin.framework in Frameworks */ = {isa = PBXBuildFile; fileRef = DF6C674067B3430F2BE8656E /* Pods_KaKaoLogin.framework */; };
		6A7C3720273109A000129EA9 /* KaKaoLoginApp.swift in Sources */ = {isa = PBXBuildFile; fileRef = 6A7C371F273109A000129EA9 /* KaKaoLoginApp.swift */; };
		6A7C3722273109A000129EA9 /* ContentView.swift in Sources */ = {isa = PBXBuildFile; fileRef = 6A7C3721273109A000129EA9 /* ContentView.swift */; };
		6A7C3724273109A100129EA9 /* Assets.xcassets in Resources */ = {isa = PBXBuildFile; fileRef = 6A7C3723273109A100129EA9 /* Assets.xcassets */; };
		6A7C3727273109A100129EA9 /* Preview Assets.xcassets in Resources */ = {isa = PBXBuildFile; fileRef = 6A7C3726273109A100129EA9 /* Preview Assets.xcassets */; };
		6A8828852733701E00CF4ED1 /* AppDelegate.swift in Sources */ = {isa = PBXBuildFile; fileRef = 6A8828842733701E00CF4ED1 /* AppDelegate.swift */; };
		6A8DFF4B27325D8A00F42469 /* LoginView.swift in Sources */ = {isa = PBXBuildFile; fileRef = 6A8DFF4A27325D8A00F42469 /* LoginView.swift */; };
/* End PBXBuildFile section */

/* Begin PBXFileReference section */
		2724D2ACE8EDF90ECB4CABFF /* Pods-KaKaoLogin.release.xcconfig */ = {isa = PBXFileReference; includeInIndex = 1; lastKnownFileType = text.xcconfig; name = "Pods-KaKaoLogin.release.xcconfig"; path = "Target Support Files/Pods-KaKaoLogin/Pods-KaKaoLogin.release.xcconfig"; sourceTree = "<group>"; };
		6A7C371C273109A000129EA9 /* KaKaoLogin.app */ = {isa = PBXFileReference; explicitFileType = wrapper.application; includeInIndex = 0; path = KaKaoLogin.app; sourceTree = BUILT_PRODUCTS_DIR; };
		6A7C371F273109A000129EA9 /* KaKaoLoginApp.swift */ = {isa = PBXFileReference; lastKnownFileType = sourcecode.swift; path = KaKaoLoginApp.swift; sourceTree = "<group>"; };
		6A7C3721273109A000129EA9 /* ContentView.swift */ = {isa = PBXFileReference; lastKnownFileType = sourcecode.swift; path = ContentView.swift; sourceTree = "<group>"; };
		6A7C3723273109A100129EA9 /* Assets.xcassets */ = {isa = PBXFileReference; lastKnownFileType = folder.assetcatalog; path = Assets.xcassets; sourceTree = "<group>"; };
		6A7C3726273109A100129EA9 /* Preview Assets.xcassets */ = {isa = PBXFileReference; lastKnownFileType = folder.assetcatalog; path = "Preview Assets.xcassets"; sourceTree = "<group>"; };
		6A7C3728273109A100129EA9 /* Info.plist */ = {isa = PBXFileReference; lastKnownFileType = text.plist.xml; path = Info.plist; sourceTree = "<group>"; };
		6A8828842733701E00CF4ED1 /* AppDelegate.swift */ = {isa = PBXFileReference; lastKnownFileType = sourcecode.swift; path = AppDelegate.swift; sourceTree = "<group>"; };
		6A8DFF4A27325D8A00F42469 /* LoginView.swift */ = {isa = PBXFileReference; lastKnownFileType = sourcecode.swift; path = LoginView.swift; sourceTree = "<group>"; };
		85DBFCBFA88D80530C9147F1 /* Pods-KaKaoLogin.debug.xcconfig */ = {isa = PBXFileReference; includeInIndex = 1; lastKnownFileType = text.xcconfig; name = "Pods-KaKaoLogin.debug.xcconfig"; path = "Target Support Files/Pods-KaKaoLogin/Pods-KaKaoLogin.debug.xcconfig"; sourceTree = "<group>"; };
		DF6C674067B3430F2BE8656E /* Pods_KaKaoLogin.framework */ = {isa = PBXFileReference; explicitFileType = wrapper.framework; includeInIndex = 0; path = Pods_KaKaoLogin.framework; sourceTree = BUILT_PRODUCTS_DIR; };
/* End PBXFileReference section */

/* Begin PBXFrameworksBuildPhase section */
		6A7C3719273109A000129EA9 /* Frameworks */ = {
			isa = PBXFrameworksBuildPhase;
			buildActionMask = 2147483647;
			files = (
				5EB31C76481FD482BDB3E1E7 /* Pods_KaKaoLogin.framework in Frameworks */,
			);
			runOnlyForDeploymentPostprocessing = 0;
		};
/* End PBXFrameworksBuildPhase section */

/* Begin PBXGroup section */
		6A7C3713273109A000129EA9 = {
			isa = PBXGroup;
			children = (
				6A7C371E273109A000129EA9 /* KaKaoLogin */,
				6A7C371D273109A000129EA9 /* Products */,
				CCCC9C1EA625363ACC693E2C /* Pods */,
				B965677E8B0655A61F5D6B2A /* Frameworks */,
			);
			sourceTree = "<group>";
		};
		6A7C371D273109A000129EA9 /* Products */ = {
			isa = PBXGroup;
			children = (
				6A7C371C273109A000129EA9 /* KaKaoLogin.app */,
			);
			name = Products;
			sourceTree = "<group>";
		};
		6A7C371E273109A000129EA9 /* KaKaoLogin */ = {
			isa = PBXGroup;
			children = (
				6A7C371F273109A000129EA9 /* KaKaoLoginApp.swift */,
				6A7C3721273109A000129EA9 /* ContentView.swift */,
				6A7C3723273109A100129EA9 /* Assets.xcassets */,
				6A7C3728273109A100129EA9 /* Info.plist */,
				6A7C3725273109A100129EA9 /* Preview Content */,
				6A8DFF4A27325D8A00F42469 /* LoginView.swift */,
				6A8828842733701E00CF4ED1 /* AppDelegate.swift */,
			);
			path = KaKaoLogin;
			sourceTree = "<group>";
		};
		6A7C3725273109A100129EA9 /* Preview Content */ = {
			isa = PBXGroup;
			children = (
				6A7C3726273109A100129EA9 /* Preview Assets.xcassets */,
			);
			path = "Preview Content";
			sourceTree = "<group>";
		};
		B965677E8B0655A61F5D6B2A /* Frameworks */ = {
			isa = PBXGroup;
			children = (
				DF6C674067B3430F2BE8656E /* Pods_KaKaoLogin.framework */,
			);
			name = Frameworks;
			sourceTree = "<group>";
		};
		CCCC9C1EA625363ACC693E2C /* Pods */ = {
			isa = PBXGroup;
			children = (
				85DBFCBFA88D80530C9147F1 /* Pods-KaKaoLogin.debug.xcconfig */,
				2724D2ACE8EDF90ECB4CABFF /* Pods-KaKaoLogin.release.xcconfig */,
			);
			path = Pods;
			sourceTree = "<group>";
		};
/* End PBXGroup section */

/* Begin PBXNativeTarget section */
		6A7C371B273109A000129EA9 /* KaKaoLogin */ = {
			isa = PBXNativeTarget;
			buildConfigurationList = 6A7C372B273109A100129EA9 /* Build configuration list for PBXNativeTarget "KaKaoLogin" */;
			buildPhases = (
				76CF3E2E2D7834D16DB58CAD /* [CP] Check Pods Manifest.lock */,
				6A7C3718273109A000129EA9 /* Sources */,
				6A7C3719273109A000129EA9 /* Frameworks */,
				6A7C371A273109A000129EA9 /* Resources */,
				CB2E9CFB025EA40B0A428121 /* [CP] Embed Pods Frameworks */,
			);
			buildRules = (
			);
			dependencies = (
			);
			name = KaKaoLogin;
			productName = KaKaoLogin;
			productReference = 6A7C371C273109A000129EA9 /* KaKaoLogin.app */;
			productType = "com.apple.product-type.application";
		};
/* End PBXNativeTarget section */

/* Begin PBXProject section */
		6A7C3714273109A000129EA9 /* Project object */ = {
			isa = PBXProject;
			attributes = {
				LastSwiftUpdateCheck = 1250;
				LastUpgradeCheck = 1250;
				TargetAttributes = {
					6A7C371B273109A000129EA9 = {
						CreatedOnToolsVersion = 12.5.1;
					};
				};
			};
			buildConfigurationList = 6A7C3717273109A000129EA9 /* Build configuration list for PBXProject "KaKaoLogin" */;
			compatibilityVersion = "Xcode 9.3";
			developmentRegion = en;
			hasScannedForEncodings = 0;
			knownRegions = (
				en,
				Base,
			);
			mainGroup = 6A7C3713273109A000129EA9;
			productRefGroup = 6A7C371D273109A000129EA9 /* Products */;
			projectDirPath = "";
			projectRoot = "";
			targets = (
				6A7C371B273109A000129EA9 /* KaKaoLogin */,
			);
		};
/* End PBXProject section */

/* Begin PBXResourcesBuildPhase section */
		6A7C371A273109A000129EA9 /* Resources */ = {
			isa = PBXResourcesBuildPhase;
			buildActionMask = 2147483647;
			files = (
				6A7C3727273109A100129EA9 /* Preview Assets.xcassets in Resources */,
				6A7C3724273109A100129EA9 /* Assets.xcassets in Resources */,
			);
			runOnlyForDeploymentPostprocessing = 0;
		};
/* End PBXResourcesBuildPhase section */

/* Begin PBXShellScriptBuildPhase section */
		76CF3E2E2D7834D16DB58CAD /* [CP] Check Pods Manifest.lock */ = {
			isa = PBXShellScriptBuildPhase;
			buildActionMask = 2147483647;
			files = (
			);
			inputFileListPaths = (
			);
			inputPaths = (
				"${PODS_PODFILE_DIR_PATH}/Podfile.lock",
				"${PODS_ROOT}/Manifest.lock",
			);
			name = "[CP] Check Pods Manifest.lock";
			outputFileListPaths = (
			);
			outputPaths = (
				"$(DERIVED_FILE_DIR)/Pods-KaKaoLogin-checkManifestLockResult.txt",
			);
			runOnlyForDeploymentPostprocessing = 0;
			shellPath = /bin/sh;
			shellScript = "diff \"${PODS_PODFILE_DIR_PATH}/Podfile.lock\" \"${PODS_ROOT}/Manifest.lock\" > /dev/null\nif [ $? != 0 ] ; then\n    # print error to STDERR\n    echo \"error: The sandbox is not in sync with the Podfile.lock. Run 'pod install' or update your CocoaPods installation.\" >&2\n    exit 1\nfi\n# This output is used by Xcode 'outputs' to avoid re-running this script phase.\necho \"SUCCESS\" > \"${SCRIPT_OUTPUT_FILE_0}\"\n";
			showEnvVarsInLog = 0;
		};
		CB2E9CFB025EA40B0A428121 /* [CP] Embed Pods Frameworks */ = {
			isa = PBXShellScriptBuildPhase;
			buildActionMask = 2147483647;
			files = (
			);
			inputFileListPaths = (
				"${PODS_ROOT}/Target Support Files/Pods-KaKaoLogin/Pods-KaKaoLogin-frameworks-${CONFIGURATION}-input-files.xcfilelist",
			);
			name = "[CP] Embed Pods Frameworks";
			outputFileListPaths = (
				"${PODS_ROOT}/Target Support Files/Pods-KaKaoLogin/Pods-KaKaoLogin-frameworks-${CONFIGURATION}-output-files.xcfilelist",
			);
			runOnlyForDeploymentPostprocessing = 0;
			shellPath = /bin/sh;
			shellScript = "\"${PODS_ROOT}/Target Support Files/Pods-KaKaoLogin/Pods-KaKaoLogin-frameworks.sh\"\n";
			showEnvVarsInLog = 0;
		};
/* End PBXShellScriptBuildPhase section */

/* Begin PBXSourcesBuildPhase section */
		6A7C3718273109A000129EA9 /* Sources */ = {
			isa = PBXSourcesBuildPhase;
			buildActionMask = 2147483647;
			files = (
				6A7C3722273109A000129EA9 /* ContentView.swift in Sources */,
				6A7C3720273109A000129EA9 /* KaKaoLoginApp.swift in Sources */,
				6A8828852733701E00CF4ED1 /* AppDelegate.swift in Sources */,
				6A8DFF4B27325D8A00F42469 /* LoginView.swift in Sources */,
			);
			runOnlyForDeploymentPostprocessing = 0;
		};
/* End PBXSourcesBuildPhase section */

/* Begin XCBuildConfiguration section */
		6A7C3729273109A100129EA9 /* Debug */ = {
			isa = XCBuildConfiguration;
			buildSettings = {
				ALWAYS_SEARCH_USER_PATHS = NO;
				CLANG_ANALYZER_NONNULL = YES;
				CLANG_ANALYZER_NUMBER_OBJECT_CONVERSION = YES_AGGRESSIVE;
				CLANG_CXX_LANGUAGE_STANDARD = "gnu++14";
				CLANG_CXX_LIBRARY = "libc++";
				CLANG_ENABLE_MODULES = YES;
				CLANG_ENABLE_OBJC_ARC = YES;
				CLANG_ENABLE_OBJC_WEAK = YES;
				CLANG_WARN_BLOCK_CAPTURE_AUTORELEASING = YES;
				CLANG_WARN_BOOL_CONVERSION = YES;
				CLANG_WARN_COMMA = YES;
				CLANG_WARN_CONSTANT_CONVERSION = YES;
				CLANG_WARN_DEPRECATED_OBJC_IMPLEMENTATIONS = YES;
				CLANG_WARN_DIRECT_OBJC_ISA_USAGE = YES_ERROR;
				CLANG_WARN_DOCUMENTATION_COMMENTS = YES;
				CLANG_WARN_EMPTY_BODY = YES;
				CLANG_WARN_ENUM_CONVERSION = YES;
				CLANG_WARN_INFINITE_RECURSION = YES;
				CLANG_WARN_INT_CONVERSION = YES;
				CLANG_WARN_NON_LITERAL_NULL_CONVERSION = YES;
				CLANG_WARN_OBJC_IMPLICIT_RETAIN_SELF = YES;
				CLANG_WARN_OBJC_LITERAL_CONVERSION = YES;
				CLANG_WARN_OBJC_ROOT_CLASS = YES_ERROR;
				CLANG_WARN_QUOTED_INCLUDE_IN_FRAMEWORK_HEADER = YES;
				CLANG_WARN_RANGE_LOOP_ANALYSIS = YES;
				CLANG_WARN_STRICT_PROTOTYPES = YES;
				CLANG_WARN_SUSPICIOUS_MOVE = YES;
				CLANG_WARN_UNGUARDED_AVAILABILITY = YES_AGGRESSIVE;
				CLANG_WARN_UNREACHABLE_CODE = YES;
				CLANG_WARN__DUPLICATE_METHOD_MATCH = YES;
				COPY_PHASE_STRIP = NO;
				DEBUG_INFORMATION_FORMAT = dwarf;
				ENABLE_STRICT_OBJC_MSGSEND = YES;
				ENABLE_TESTABILITY = YES;
				GCC_C_LANGUAGE_STANDARD = gnu11;
				GCC_DYNAMIC_NO_PIC = NO;
				GCC_NO_COMMON_BLOCKS = YES;
				GCC_OPTIMIZATION_LEVEL = 0;
				GCC_PREPROCESSOR_DEFINITIONS = (
					"DEBUG=1",
					"$(inherited)",
				);
				GCC_WARN_64_TO_32_BIT_CONVERSION = YES;
				GCC_WARN_ABOUT_RETURN_TYPE = YES_ERROR;
				GCC_WARN_UNDECLARED_SELECTOR = YES;
				GCC_WARN_UNINITIALIZED_AUTOS = YES_AGGRESSIVE;
				GCC_WARN_UNUSED_FUNCTION = YES;
				GCC_WARN_UNUSED_VARIABLE = YES;
				IPHONEOS_DEPLOYMENT_TARGET = 14.5;
				MTL_ENABLE_DEBUG_INFO = INCLUDE_SOURCE;
				MTL_FAST_MATH = YES;
				ONLY_ACTIVE_ARCH = YES;
				SDKROOT = iphoneos;
				SWIFT_ACTIVE_COMPILATION_CONDITIONS = DEBUG;
				SWIFT_OPTIMIZATION_LEVEL = "-Onone";
			};
			name = Debug;
		};
		6A7C372A273109A100129EA9 /* Release */ = {
			isa = XCBuildConfiguration;
			buildSettings = {
				ALWAYS_SEARCH_USER_PATHS = NO;
				CLANG_ANALYZER_NONNULL = YES;
				CLANG_ANALYZER_NUMBER_OBJECT_CONVERSION = YES_AGGRESSIVE;
				CLANG_CXX_LANGUAGE_STANDARD = "gnu++14";
				CLANG_CXX_LIBRARY = "libc++";
				CLANG_ENABLE_MODULES = YES;
				CLANG_ENABLE_OBJC_ARC = YES;
				CLANG_ENABLE_OBJC_WEAK = YES;
				CLANG_WARN_BLOCK_CAPTURE_AUTORELEASING = YES;
				CLANG_WARN_BOOL_CONVERSION = YES;
				CLANG_WARN_COMMA = YES;
				CLANG_WARN_CONSTANT_CONVERSION = YES;
				CLANG_WARN_DEPRECATED_OBJC_IMPLEMENTATIONS = YES;
				CLANG_WARN_DIRECT_OBJC_ISA_USAGE = YES_ERROR;
				CLANG_WARN_DOCUMENTATION_COMMENTS = YES;
				CLANG_WARN_EMPTY_BODY = YES;
				CLANG_WARN_ENUM_CONVERSION = YES;
				CLANG_WARN_INFINITE_RECURSION = YES;
				CLANG_WARN_INT_CONVERSION = YES;
				CLANG_WARN_NON_LITERAL_NULL_CONVERSION = YES;
				CLANG_WARN_OBJC_IMPLICIT_RETAIN_SELF = YES;
				CLANG_WARN_OBJC_LITERAL_CONVERSION = YES;
				CLANG_WARN_OBJC_ROOT_CLASS = YES_ERROR;
				CLANG_WARN_QUOTED_INCLUDE_IN_FRAMEWORK_HEADER = YES;
				CLANG_WARN_RANGE_LOOP_ANALYSIS = YES;
				CLANG_WARN_STRICT_PROTOTYPES = YES;
				CLANG_WARN_SUSPICIOUS_MOVE = YES;
				CLANG_WARN_UNGUARDED_AVAILABILITY = YES_AGGRESSIVE;
				CLANG_WARN_UNREACHABLE_CODE = YES;
				CLANG_WARN__DUPLICATE_METHOD_MATCH = YES;
				COPY_PHASE_STRIP = NO;
				DEBUG_INFORMATION_FORMAT = "dwarf-with-dsym";
				ENABLE_NS_ASSERTIONS = NO;
				ENABLE_STRICT_OBJC_MSGSEND = YES;
				GCC_C_LANGUAGE_STANDARD = gnu11;
				GCC_NO_COMMON_BLOCKS = YES;
				GCC_WARN_64_TO_32_BIT_CONVERSION = YES;
				GCC_WARN_ABOUT_RETURN_TYPE = YES_ERROR;
				GCC_WARN_UNDECLARED_SELECTOR = YES;
				GCC_WARN_UNINITIALIZED_AUTOS = YES_AGGRESSIVE;
				GCC_WARN_UNUSED_FUNCTION = YES;
				GCC_WARN_UNUSED_VARIABLE = YES;
				IPHONEOS_DEPLOYMENT_TARGET = 14.5;
				MTL_ENABLE_DEBUG_INFO = NO;
				MTL_FAST_MATH = YES;
				SDKROOT = iphoneos;
				SWIFT_COMPILATION_MODE = wholemodule;
				SWIFT_OPTIMIZATION_LEVEL = "-O";
				VALIDATE_PRODUCT = YES;
			};
			name = Release;
		};
		6A7C372C273109A100129EA9 /* Debug */ = {
			isa = XCBuildConfiguration;
			baseConfigurationReference = 85DBFCBFA88D80530C9147F1 /* Pods-KaKaoLogin.debug.xcconfig */;
			buildSettings = {
				ASSETCATALOG_COMPILER_APPICON_NAME = AppIcon;
				ASSETCATALOG_COMPILER_GLOBAL_ACCENT_COLOR_NAME = AccentColor;
				CODE_SIGN_STYLE = Automatic;
				DEVELOPMENT_ASSET_PATHS = "\"KaKaoLogin/Preview Content\"";
				DEVELOPMENT_TEAM = S67GD4399F;
				ENABLE_PREVIEWS = YES;
				INFOPLIST_FILE = KaKaoLogin/Info.plist;
				IPHONEOS_DEPLOYMENT_TARGET = 14.0;
				LD_RUNPATH_SEARCH_PATHS = (
					"$(inherited)",
					"@executable_path/Frameworks",
				);
				PRODUCT_BUNDLE_IDENTIFIER = com.KaKaoLogin;
				PRODUCT_NAME = "$(TARGET_NAME)";
				SWIFT_VERSION = 5.0;
				TARGETED_DEVICE_FAMILY = "1,2";
			};
			name = Debug;
		};
		6A7C372D273109A100129EA9 /* Release */ = {
			isa = XCBuildConfiguration;
			baseConfigurationReference = 2724D2ACE8EDF90ECB4CABFF /* Pods-KaKaoLogin.release.xcconfig */;
			buildSettings = {
				ASSETCATALOG_COMPILER_APPICON_NAME = AppIcon;
				ASSETCATALOG_COMPILER_GLOBAL_ACCENT_COLOR_NAME = AccentColor;
				CODE_SIGN_STYLE = Automatic;
				DEVELOPMENT_ASSET_PATHS = "\"KaKaoLogin/Preview Content\"";
				DEVELOPMENT_TEAM = S67GD4399F;
				ENABLE_PREVIEWS = YES;
				INFOPLIST_FILE = KaKaoLogin/Info.plist;
				IPHONEOS_DEPLOYMENT_TARGET = 14.0;
				LD_RUNPATH_SEARCH_PATHS = (
					"$(inherited)",
					"@executable_path/Frameworks",
				);
				PRODUCT_BUNDLE_IDENTIFIER = com.KaKaoLogin;
				PRODUCT_NAME = "$(TARGET_NAME)";
				SWIFT_VERSION = 5.0;
				TARGETED_DEVICE_FAMILY = "1,2";
			};
			name = Release;
		};
/* End XCBuildConfiguration section */

/* Begin XCConfigurationList section */
		6A7C3717273109A000129EA9 /* Build configuration list for PBXProject "KaKaoLogin" */ = {
			isa = XCConfigurationList;
			buildConfigurations = (
				6A7C3729273109A100129EA9 /* Debug */,
				6A7C372A273109A100129EA9 /* Release */,
			);
			defaultConfigurationIsVisible = 0;
			defaultConfigurationName = Release;
		};
		6A7C372B273109A100129EA9 /* Build configuration list for PBXNativeTarget "KaKaoLogin" */ = {
			isa = XCConfigurationList;
			buildConfigurations = (
				6A7C372C273109A100129EA9 /* Debug */,
				6A7C372D273109A100129EA9 /* Release */,
			);
			defaultConfigurationIsVisible = 0;
			defaultConfigurationName = Release;
		};
/* End XCConfigurationList section */
	};
	rootObject = 6A7C3714273109A000129EA9 /* Project object */;
}
